# This file was autogenerated by Stack.
# You should not edit this file by hand.
# For more information, please see the documentation at:
#   https://docs.haskellstack.org/en/stable/topics/lock_files

packages:
- completed:
    hackage: xorshift-2.0.1@sha256:90fb03d2388068a61ef2f22db0a5d10d43b7befa60d552e4884e4b81c4abcb52,1315
    pantry-tree:
      sha256: 17a0998477096bdb39b94b77e2ded3cb99323b5e5137fda72cf1723011b40887
      size: 356
  original:
    hackage: xorshift-2.0.1@sha256:90fb03d2388068a61ef2f22db0a5d10d43b7befa60d552e4884e4b81c4abcb52,1315
snapshots:
- completed:
    sha256: abc790b571e0c70e929db74b329e3c18d7e76a6e173e8bdf94f1ba20770d4c24
    size: 728990
    url: https://raw.githubusercontent.com/commercialhaskell/stackage-snapshots/master/lts/24/38.yaml
  original:
    url: https://raw.githubusercontent.com/commercialhaskell/stackage-snapshots/master/lts/24/38.yaml
